// !$*UTF8*$!
{
	archiveVersion = 1;
	classes = {
	};
	objectVersion = 46;
	objects = {

/* Begin PBXBuildFile section */
		F5C0CC551E4A1870001DA70B /* AppDelegate.swift in Sources */ = {isa = PBXBuildFile; fileRef = F5C0CC541E4A1870001DA70B /* AppDelegate.swift */; };
		F5C0CC571E4A1870001DA70B /* ViewController.swift in Sources */ = {isa = PBXBuildFile; fileRef = F5C0CC561E4A1870001DA70B /* ViewController.swift */; };
		F5C0CC5A1E4A1870001DA70B /* Main.storyboard in Resources */ = {isa = PBXBuildFile; fileRef = F5C0CC581E4A1870001DA70B /* Main.storyboard */; };
		F5C0CC5C1E4A1870001DA70B /* Assets.xcassets in Resources */ = {isa = PBXBuildFile; fileRef = F5C0CC5B1E4A1870001DA70B /* Assets.xcassets */; };
		F5C0CC5F1E4A1870001DA70B /* LaunchScreen.storyboard in Resources */ = {isa = PBXBuildFile; fileRef = F5C0CC5D1E4A1870001DA70B /* LaunchScreen.storyboard */; };
		F5C0CC6A1E4A1870001DA70B /* _2stepBluetoothTests.swift in Sources */ = {isa = PBXBuildFile; fileRef = F5C0CC691E4A1870001DA70B /* _2stepBluetoothTests.swift */; };
		F5C0CC751E4A1870001DA70B /* _2stepBluetoothUITests.swift in Sources */ = {isa = PBXBuildFile; fileRef = F5C0CC741E4A1870001DA70B /* _2stepBluetoothUITests.swift */; };
/* End PBXBuildFile section */

/* Begin PBXContainerItemProxy section */
		F5C0CC661E4A1870001DA70B /* PBXContainerItemProxy */ = {
			isa = PBXContainerItemProxy;
			containerPortal = F5C0CC491E4A1870001DA70B /* Project object */;
			proxyType = 1;
			remoteGlobalIDString = F5C0CC501E4A1870001DA70B;
			remoteInfo = 12stepBluetooth;
		};
		F5C0CC711E4A1870001DA70B /* PBXContainerItemProxy */ = {
			isa = PBXContainerItemProxy;
			containerPortal = F5C0CC491E4A1870001DA70B /* Project object */;
			proxyType = 1;
			remoteGlobalIDString = F5C0CC501E4A1870001DA70B;
			remoteInfo = 12stepBluetooth;
		};
/* End PBXContainerItemProxy section */

/* Begin PBXFileReference section */
		F5C0CC511E4A1870001DA70B /* 12stepBluetooth.app */ = {isa = PBXFileReference; explicitFileType = wrapper.application; includeInIndex = 0; path = 12stepBluetooth.app; sourceTree = BUILT_PRODUCTS_DIR; };
		F5C0CC541E4A1870001DA70B /* AppDelegate.swift */ = {isa = PBXFileReference; lastKnownFileType = sourcecode.swift; path = AppDelegate.swift; sourceTree = "<group>"; };
		F5C0CC561E4A1870001DA70B /* ViewController.swift */ = {isa = PBXFileReference; lastKnownFileType = sourcecode.swift; path = ViewController.swift; sourceTree = "<group>"; };
		F5C0CC591E4A1870001DA70B /* Base */ = {isa = PBXFileReference; lastKnownFileType = file.storyboard; name = Base; path = Base.lproj/Main.storyboard; sourceTree = "<group>"; };
		F5C0CC5B1E4A1870001DA70B /* Assets.xcassets */ = {isa = PBXFileReference; lastKnownFileType = folder.assetcatalog; path = Assets.xcassets; sourceTree = "<group>"; };
		F5C0CC5E1E4A1870001DA70B /* Base */ = {isa = PBXFileReference; lastKnownFileType = file.storyboard; name = Base; path = Base.lproj/LaunchScreen.storyboard; sourceTree = "<group>"; };
		F5C0CC601E4A1870001DA70B /* Info.plist */ = {isa = PBXFileReference; lastKnownFileType = text.plist.xml; path = Info.plist; sourceTree = "<group>"; };
		F5C0CC651E4A1870001DA70B /* 12stepBluetoothTests.xctest */ = {isa = PBXFileReference; explicitFileType = wrapper.cfbundle; includeInIndex = 0; path = 12stepBluetoothTests.xctest; sourceTree = BUILT_PRODUCTS_DIR; };
		F5C0CC691E4A1870001DA70B /* _2stepBluetoothTests.swift */ = {isa = PBXFileReference; lastKnownFileType = sourcecode.swift; path = _2stepBluetoothTests.swift; sourceTree = "<group>"; };
		F5C0CC6B1E4A1870001DA70B /* Info.plist */ = {isa = PBXFileReference; lastKnownFileType = text.plist.xml; path = Info.plist; sourceTree = "<group>"; };
		F5C0CC701E4A1870001DA70B /* 12stepBluetoothUITests.xctest */ = {isa = PBXFileReference; explicitFileType = wrapper.cfbundle; includeInIndex = 0; path = 12stepBluetoothUITests.xctest; sourceTree = BUILT_PRODUCTS_DIR; };
		F5C0CC741E4A1870001DA70B /* _2stepBluetoothUITests.swift */ = {isa = PBXFileReference; lastKnownFileType = sourcecode.swift; path = _2stepBluetoothUITests.swift; sourceTree = "<group>"; };
		F5C0CC761E4A1870001DA70B /* Info.plist */ = {isa = PBXFileReference; lastKnownFileType = text.plist.xml; path = Info.plist; sourceTree = "<group>"; };
/* End PBXFileReference section */

/* Begin PBXFrameworksBuildPhase section */
		F5C0CC4E1E4A1870001DA70B /* Frameworks */ = {
			isa = PBXFrameworksBuildPhase;
			buildActionMask = 2147483647;
			files = (
			);
			runOnlyForDeploymentPostprocessing = 0;
		};
		F5C0CC621E4A1870001DA70B /* Frameworks */ = {
			isa = PBXFrameworksBuildPhase;
			buildActionMask = 2147483647;
			files = (
			);
			runOnlyForDeploymentPostprocessing = 0;
		};
		F5C0CC6D1E4A1870001DA70B /* Frameworks */ = {
			isa = PBXFrameworksBuildPhase;
			buildActionMask = 2147483647;
			files = (
			);
			runOnlyForDeploymentPostprocessing = 0;
		};
/* End PBXFrameworksBuildPhase section */

/* Begin PBXGroup section */
		F5C0CC481E4A1870001DA70B = {
			isa = PBXGroup;
			children = (
				F5C0CC531E4A1870001DA70B /* 12stepBluetooth */,
				F5C0CC681E4A1870001DA70B /* 12stepBluetoothTests */,
				F5C0CC731E4A1870001DA70B /* 12stepBluetoothUITests */,
				F5C0CC521E4A1870001DA70B /* Products */,
			);
			sourceTree = "<group>";
		};
		F5C0CC521E4A1870001DA70B /* Products */ = {
			isa = PBXGroup;
			children = (
				F5C0CC511E4A1870001DA70B /* 12stepBluetooth.app */,
				F5C0CC651E4A1870001DA70B /* 12stepBluetoothTests.xctest */,
				F5C0CC701E4A1870001DA70B /* 12stepBluetoothUITests.xctest */,
			);
			name = Products;
			sourceTree = "<group>";
		};
		F5C0CC531E4A1870001DA70B /* 12stepBluetooth */ = {
			isa = PBXGroup;
			children = (
				F5C0CC541E4A1870001DA70B /* AppDelegate.swift */,
				F5C0CC561E4A1870001DA70B /* ViewController.swift */,
				F5C0CC581E4A1870001DA70B /* Main.storyboard */,
				F5C0CC5B1E4A1870001DA70B /* Assets.xcassets */,
				F5C0CC5D1E4A1870001DA70B /* LaunchScreen.storyboard */,
				F5C0CC601E4A1870001DA70B /* Info.plist */,
			);
			path = 12stepBluetooth;
			sourceTree = "<group>";
		};
		F5C0CC681E4A1870001DA70B /* 12stepBluetoothTests */ = {
			isa = PBXGroup;
			children = (
				F5C0CC691E4A1870001DA70B /* _2stepBluetoothTests.swift */,
				F5C0CC6B1E4A1870001DA70B /* Info.plist */,
			);
			path = 12stepBluetoothTests;
			sourceTree = "<group>";
		};
		F5C0CC731E4A1870001DA70B /* 12stepBluetoothUITests */ = {
			isa = PBXGroup;
			children = (
				F5C0CC741E4A1870001DA70B /* _2stepBluetoothUITests.swift */,
				F5C0CC761E4A1870001DA70B /* Info.plist */,
			);
			path = 12stepBluetoothUITests;
			sourceTree = "<group>";
		};
/* End PBXGroup section */

/* Begin PBXNativeTarget section */
		F5C0CC501E4A1870001DA70B /* 12stepBluetooth */ = {
			isa = PBXNativeTarget;
			buildConfigurationList = F5C0CC791E4A1870001DA70B /* Build configuration list for PBXNativeTarget "12stepBluetooth" */;
			buildPhases = (
				F5C0CC4D1E4A1870001DA70B /* Sources */,
				F5C0CC4E1E4A1870001DA70B /* Frameworks */,
				F5C0CC4F1E4A1870001DA70B /* Resources */,
			);
			buildRules = (
			);
			dependencies = (
			);
			name = 12stepBluetooth;
			productName = 12stepBluetooth;
			productReference = F5C0CC511E4A1870001DA70B /* 12stepBluetooth.app */;
			productType = "com.apple.product-type.application";
		};
		F5C0CC641E4A1870001DA70B /* 12stepBluetoothTests */ = {
			isa = PBXNativeTarget;
			buildConfigurationList = F5C0CC7C1E4A1870001DA70B /* Build configuration list for PBXNativeTarget "12stepBluetoothTests" */;
			buildPhases = (
				F5C0CC611E4A1870001DA70B /* Sources */,
				F5C0CC621E4A1870001DA70B /* Frameworks */,
				F5C0CC631E4A1870001DA70B /* Resources */,
			);
			buildRules = (
			);
			dependencies = (
				F5C0CC671E4A1870001DA70B /* PBXTargetDependency */,
			);
			name = 12stepBluetoothTests;
			productName = 12stepBluetoothTests;
			productReference = F5C0CC651E4A1870001DA70B /* 12stepBluetoothTests.xctest */;
			productType = "com.apple.product-type.bundle.unit-test";
		};
		F5C0CC6F1E4A1870001DA70B /* 12stepBluetoothUITests */ = {
			isa = PBXNativeTarget;
			buildConfigurationList = F5C0CC7F1E4A1870001DA70B /* Build configuration list for PBXNativeTarget "12stepBluetoothUITests" */;
			buildPhases = (
				F5C0CC6C1E4A1870001DA70B /* Sources */,
				F5C0CC6D1E4A1870001DA70B /* Frameworks */,
				F5C0CC6E1E4A1870001DA70B /* Resources */,
			);
			buildRules = (
			);
			dependencies = (
				F5C0CC721E4A1870001DA70B /* PBXTargetDependency */,
			);
			name = 12stepBluetoothUITests;
			productName = 12stepBluetoothUITests;
			productReference = F5C0CC701E4A1870001DA70B /* 12stepBluetoothUITests.xctest */;
			productType = "com.apple.product-type.bundle.ui-testing";
		};
/* End PBXNativeTarget section */

/* Begin PBXProject section */
		F5C0CC491E4A1870001DA70B /* Project object */ = {
			isa = PBXProject;
			attributes = {
				LastSwiftUpdateCheck = 0730;
				LastUpgradeCheck = 0730;
				ORGANIZATIONNAME = "Qiao Lin";
				TargetAttributes = {
					F5C0CC501E4A1870001DA70B = {
						CreatedOnToolsVersion = 7.3;
					};
					F5C0CC641E4A1870001DA70B = {
						CreatedOnToolsVersion = 7.3;
						TestTargetID = F5C0CC501E4A1870001DA70B;
					};
					F5C0CC6F1E4A1870001DA70B = {
						CreatedOnToolsVersion = 7.3;
						TestTargetID = F5C0CC501E4A1870001DA70B;
					};
				};
			};
			buildConfigurationList = F5C0CC4C1E4A1870001DA70B /* Build configuration list for PBXProject "12stepBluetooth" */;
			compatibilityVersion = "Xcode 3.2";
			developmentRegion = English;
			hasScannedForEncodings = 0;
			knownRegions = (
				en,
				Base,
			);
			mainGroup = F5C0CC481E4A1870001DA70B;
			productRefGroup = F5C0CC521E4A1870001DA70B /* Products */;
			projectDirPath = "";
			projectRoot = "";
			targets = (
				F5C0CC501E4A1870001DA70B /* 12stepBluetooth */,
				F5C0CC641E4A1870001DA70B /* 12stepBluetoothTests */,
				F5C0CC6F1E4A1870001DA70B /* 12stepBluetoothUITests */,
			);
		};
/* End PBXProject section */

/* Begin PBXResourcesBuildPhase section */
		F5C0CC4F1E4A1870001DA70B /* Resources */ = {
			isa = PBXResourcesBuildPhase;
			buildActionMask = 2147483647;
			files = (
				F5C0CC5F1E4A1870001DA70B /* LaunchScreen.storyboard in Resources */,
				F5C0CC5C1E4A1870001DA70B /* Assets.xcassets in Resources */,
				F5C0CC5A1E4A1870001DA70B /* Main.storyboard in Resources */,
			);
			runOnlyForDeploymentPostprocessing = 0;
		};
		F5C0CC631E4A1870001DA70B /* Resources */ = {
			isa = PBXResourcesBuildPhase;
			buildActionMask = 2147483647;
			files = (
			);
			runOnlyForDeploymentPostprocessing = 0;
		};
		F5C0CC6E1E4A1870001DA70B /* Resources */ = {
			isa = PBXResourcesBuildPhase;
			buildActionMask = 2147483647;
			files = (
			);
			runOnlyForDeploymentPostprocessing = 0;
		};
/* End PBXResourcesBuildPhase section */

/* Begin PBXSourcesBuildPhase section */
		F5C0CC4D1E4A1870001DA70B /* Sources */ = {
			isa = PBXSourcesBuildPhase;
			buildActionMask = 2147483647;
			files = (
				F5C0CC571E4A1870001DA70B /* ViewController.swift in Sources */,
				F5C0CC551E4A1870001DA70B /* AppDelegate.swift in Sources */,
			);
			runOnlyForDeploymentPostprocessing = 0;
		};
		F5C0CC611E4A1870001DA70B /* Sources */ = {
			isa = PBXSourcesBuildPhase;
			buildActionMask = 2147483647;
			files = (
				F5C0CC6A1E4A1870001DA70B /* _2stepBluetoothTests.swift in Sources */,
			);
			runOnlyForDeploymentPostprocessing = 0;
		};
		F5C0CC6C1E4A1870001DA70B /* Sources */ = {
			isa = PBXSourcesBuildPhase;
			buildActionMask = 2147483647;
			files = (
				F5C0CC751E4A1870001DA70B /* _2stepBluetoothUITests.swift in Sources */,
			);
			runOnlyForDeploymentPostprocessing = 0;
		};
/* End PBXSourcesBuildPhase section */

/* Begin PBXTargetDependency section */
		F5C0CC671E4A1870001DA70B /* PBXTargetDependency */ = {
			isa = PBXTargetDependency;
			target = F5C0CC501E4A1870001DA70B /* 12stepBluetooth */;
			targetProxy = F5C0CC661E4A1870001DA70B /* PBXContainerItemProxy */;
		};
		F5C0CC721E4A1870001DA70B /* PBXTargetDependency */ = {
			isa = PBXTargetDependency;
			target = F5C0CC501E4A1870001DA70B /* 12stepBluetooth */;
			targetProxy = F5C0CC711E4A1870001DA70B /* PBXContainerItemProxy */;
		};
/* End PBXTargetDependency section */

/* Begin PBXVariantGroup section */
		F5C0CC581E4A1870001DA70B /* Main.storyboard */ = {
			isa = PBXVariantGroup;
			children = (
				F5C0CC591E4A1870001DA70B /* Base */,
			);
			name = Main.storyboard;
			sourceTree = "<group>";
		};
		F5C0CC5D1E4A1870001DA70B /* LaunchScreen.storyboard */ = {
			isa = PBXVariantGroup;
			children = (
				F5C0CC5E1E4A1870001DA70B /* Base */,
			);
			name = LaunchScreen.storyboard;
			sourceTree = "<group>";
		};
/* End PBXVariantGroup section */

/* Begin XCBuildConfiguration section */
		F5C0CC771E4A1870001DA70B /* Debug */ = {
			isa = XCBuildConfiguration;
			buildSettings = {
				ALWAYS_SEARCH_USER_PATHS = NO;
				CLANG_ANALYZER_NONNULL = YES;
				CLANG_CXX_LANGUAGE_STANDARD = "gnu++0x";
				CLANG_CXX_LIBRARY = "libc++";
				CLANG_ENABLE_MODULES = YES;
				CLANG_ENABLE_OBJC_ARC = YES;
				CLANG_WARN_BOOL_CONVERSION = YES;
				CLANG_WARN_CONSTANT_CONVERSION = YES;
				CLANG_WARN_DIRECT_OBJC_ISA_USAGE = YES_ERROR;
				CLANG_WARN_EMPTY_BODY = YES;
				CLANG_WARN_ENUM_CONVERSION = YES;
				CLANG_WARN_INT_CONVERSION = YES;
				CLANG_WARN_OBJC_ROOT_CLASS = YES_ERROR;
				CLANG_WARN_UNREACHABLE_CODE = YES;
				CLANG_WARN__DUPLICATE_METHOD_MATCH = YES;
				"CODE_SIGN_IDENTITY[sdk=iphoneos*]" = "iPhone Developer";
				COPY_PHASE_STRIP = NO;
				DEBUG_INFORMATION_FORMAT = dwarf;
				ENABLE_STRICT_OBJC_MSGSEND = YES;
				ENABLE_TESTABILITY = YES;
				GCC_C_LANGUAGE_STANDARD = gnu99;
				GCC_DYNAMIC_NO_PIC = NO;
				GCC_NO_COMMON_BLOCKS = YES;
				GCC_OPTIMIZATION_LEVEL = 0;
				GCC_PREPROCESSOR_DEFINITIONS = (
					"DEBUG=1",
					"$(inherited)",
				);
				GCC_WARN_64_TO_32_BIT_CONVERSION = YES;
				GCC_WARN_ABOUT_RETURN_TYPE = YES_ERROR;
				GCC_WARN_UNDECLARED_SELECTOR = YES;
				GCC_WARN_UNINITIALIZED_AUTOS = YES_AGGRESSIVE;
				GCC_WARN_UNUSED_FUNCTION = YES;
				GCC_WARN_UNUSED_VARIABLE = YES;
				IPHONEOS_DEPLOYMENT_TARGET = 9.3;
				MTL_ENABLE_DEBUG_INFO = YES;
				ONLY_ACTIVE_ARCH = YES;
				SDKROOT = iphoneos;
				SWIFT_OPTIMIZATION_LEVEL = "-Onone";
				TARGETED_DEVICE_FAMILY = 2;
			};
			name = Debug;
		};
		F5C0CC781E4A1870001DA70B /* Release */ = {
			isa = XCBuildConfiguration;
			buildSettings = {
				ALWAYS_SEARCH_USER_PATHS = NO;
				CLANG_ANALYZER_NONNULL = YES;
				CLANG_CXX_LANGUAGE_STANDARD = "gnu++0x";
				CLANG_CXX_LIBRARY = "libc++";
				CLANG_ENABLE_MODULES = YES;
				CLANG_ENABLE_OBJC_ARC = YES;
				CLANG_WARN_BOOL_CONVERSION = YES;
				CLANG_WARN_CONSTANT_CONVERSION = YES;
				CLANG_WARN_DIRECT_OBJC_ISA_USAGE = YES_ERROR;
				CLANG_WARN_EMPTY_BODY = YES;
				CLANG_WARN_ENUM_CONVERSION = YES;
				CLANG_WARN_INT_CONVERSION = YES;
				CLANG_WARN_OBJC_ROOT_CLASS = YES_ERROR;
				CLANG_WARN_UNREACHABLE_CODE = YES;
				CLANG_WARN__DUPLICATE_METHOD_MATCH = YES;
				"CODE_SIGN_IDENTITY[sdk=iphoneos*]" = "iPhone Developer";
				COPY_PHASE_STRIP = NO;
				DEBUG_INFORMATION_FORMAT = "dwarf-with-dsym";
				ENABLE_NS_ASSERTIONS = NO;
				ENABLE_STRICT_OBJC_MSGSEND = YES;
				GCC_C_LANGUAGE_STANDARD = gnu99;
				GCC_NO_COMMON_BLOCKS = YES;
				GCC_WARN_64_TO_32_BIT_CONVERSION = YES;
				GCC_WARN_ABOUT_RETURN_TYPE = YES_ERROR;
				GCC_WARN_UNDECLARED_SELECTOR = YES;
				GCC_WARN_UNINITIALIZED_AUTOS = YES_AGGRESSIVE;
				GCC_WARN_UNUSED_FUNCTION = YES;
				GCC_WARN_UNUSED_VARIABLE = YES;
				IPHONEOS_DEPLOYMENT_TARGET = 9.3;
				MTL_ENABLE_DEBUG_INFO = NO;
				SDKROOT = iphoneos;
				TARGETED_DEVICE_FAMILY = 2;
				VALIDATE_PRODUCT = YES;
			};
			name = Release;
		};
		F5C0CC7A1E4A1870001DA70B /* Debug */ = {
			isa = XCBuildConfiguration;
			buildSettings = {
				ASSETCATALOG_COMPILER_APPICON_NAME = AppIcon;
				INFOPLIST_FILE = 12stepBluetooth/Info.plist;
				LD_RUNPATH_SEARCH_PATHS = "$(inherited) @executable_path/Frameworks";
				PRODUCT_BUNDLE_IDENTIFIER = "sample.-2stepBluetooth";
				PRODUCT_NAME = "$(TARGET_NAME)";
			};
			name = Debug;
		};
		F5C0CC7B1E4A1870001DA70B /* Release */ = {
			isa = XCBuildConfiguration;
			buildSettings = {
				ASSETCATALOG_COMPILER_APPICON_NAME = AppIcon;
				INFOPLIST_FILE = 12stepBluetooth/Info.plist;
				LD_RUNPATH_SEARCH_PATHS = "$(inherited) @executable_path/Frameworks";
				PRODUCT_BUNDLE_IDENTIFIER = "sample.-2stepBluetooth";
				PRODUCT_NAME = "$(TARGET_NAME)";
			};
			name = Release;
		};
		F5C0CC7D1E4A1870001DA70B /* Debug */ = {
			isa = XCBuildConfiguration;
			buildSettings = {
				BUNDLE_LOADER = "$(TEST_HOST)";
				INFOPLIST_FILE = 12stepBluetoothTests/Info.plist;
				LD_RUNPATH_SEARCH_PATHS = "$(inherited) @executable_path/Frameworks @loader_path/Frameworks";
				PRODUCT_BUNDLE_IDENTIFIER = "sample.-2stepBluetoothTests";
				PRODUCT_NAME = "$(TARGET_NAME)";
				TEST_HOST = "$(BUILT_PRODUCTS_DIR)/12stepBluetooth.app/12stepBluetooth";
			};
			name = Debug;
		};
		F5C0CC7E1E4A1870001DA70B /* Release */ = {
			isa = XCBuildConfiguration;
			buildSettings = {
				BUNDLE_LOADER = "$(TEST_HOST)";
				INFOPLIST_FILE = 12stepBluetoothTests/Info.plist;
				LD_RUNPATH_SEARCH_PATHS = "$(inherited) @executable_path/Frameworks @loader_path/Frameworks";
				PRODUCT_BUNDLE_IDENTIFIER = "sample.-2stepBluetoothTests";
				PRODUCT_NAME = "$(TARGET_NAME)";
				TEST_HOST = "$(BUILT_PRODUCTS_DIR)/12stepBluetooth.app/12stepBluetooth";
			};
			name = Release;
		};
		F5C0CC801E4A1870001DA70B /* Debug */ = {
			isa = XCBuildConfiguration;
			buildSettings = {
				INFOPLIST_FILE = 12stepBluetoothUITests/Info.plist;
				LD_RUNPATH_SEARCH_PATHS = "$(inherited) @executable_path/Frameworks @loader_path/Frameworks";
				PRODUCT_BUNDLE_IDENTIFIER = "sample.-2stepBluetoothUITests";
				PRODUCT_NAME = "$(TARGET_NAME)";
				TEST_TARGET_NAME = 12stepBluetooth;
			};
			name = Debug;
		};
		F5C0CC811E4A1870001DA70B /* Release */ = {
			isa = XCBuildConfiguration;
			buildSettings = {
				INFOPLIST_FILE = 12stepBluetoothUITests/Info.plist;
				LD_RUNPATH_SEARCH_PATHS = "$(inherited) @executable_path/Frameworks @loader_path/Frameworks";
				PRODUCT_BUNDLE_IDENTIFIER = "sample.-2stepBluetoothUITests";
				PRODUCT_NAME = "$(TARGET_NAME)";
				TEST_TARGET_NAME = 12stepBluetooth;
			};
			name = Release;
		};
/* End XCBuildConfiguration section */

/* Begin XCConfigurationList section */
		F5C0CC4C1E4A1870001DA70B /* Build configuration list for PBXProject "12stepBluetooth" */ = {
			isa = XCConfigurationList;
			buildConfigurations = (
				F5C0CC771E4A1870001DA70B /* Debug */,
				F5C0CC781E4A1870001DA70B /* Release */,
			);
			defaultConfigurationIsVisible = 0;
			defaultConfigurationName = Release;
		};
		F5C0CC791E4A1870001DA70B /* Build configuration list for PBXNativeTarget "12stepBluetooth" */ = {
			isa = XCConfigurationList;
			buildConfigurations = (
				F5C0CC7A1E4A1870001DA70B /* Debug */,
				F5C0CC7B1E4A1870001DA70B /* Release */,
			);
			defaultConfigurationIsVisible = 0;
		};
		F5C0CC7C1E4A1870001DA70B /* Build configuration list for PBXNativeTarget "12stepBluetoothTests" */ = {
			isa = XCConfigurationList;
			buildConfigurations = (
				F5C0CC7D1E4A1870001DA70B /* Debug */,
				F5C0CC7E1E4A1870001DA70B /* Release */,
			);
			defaultConfigurationIsVisible = 0;
		};
		F5C0CC7F1E4A1870001DA70B /* Build configuration list for PBXNativeTarget "12stepBluetoothUITests" */ = {
			isa = XCConfigurationList;
			buildConfigurations = (
				F5C0CC801E4A1870001DA70B /* Debug */,
				F5C0CC811E4A1870001DA70B /* Release */,
			);
			defaultConfigurationIsVisible = 0;
		};
/* End XCConfigurationList section */
	};
	rootObject = F5C0CC491E4A1870001DA70B /* Project object */;
}
